// !$*UTF8*$!
{
	archiveVersion = 1;
	classes = {
	};
	objectVersion = 56;
	objects = {

/* Begin PBXBuildFile section */
		DB52158A2B6C14EC004B4B1D /* pilgrimage_appApp.swift in Sources */ = {isa = PBXBuildFile; fileRef = DB5215892B6C14EC004B4B1D /* pilgrimage_appApp.swift */; };
		DB52158C2B6C14EC004B4B1D /* ContentView.swift in Sources */ = {isa = PBXBuildFile; fileRef = DB52158B2B6C14EC004B4B1D /* ContentView.swift */; };
		DB52158E2B6C14EC004B4B1D /* Item.swift in Sources */ = {isa = PBXBuildFile; fileRef = DB52158D2B6C14EC004B4B1D /* Item.swift */; };
		DB5215902B6C14ED004B4B1D /* Assets.xcassets in Resources */ = {isa = PBXBuildFile; fileRef = DB52158F2B6C14ED004B4B1D /* Assets.xcassets */; };
		DB5215932B6C14ED004B4B1D /* Preview Assets.xcassets in Resources */ = {isa = PBXBuildFile; fileRef = DB5215922B6C14ED004B4B1D /* Preview Assets.xcassets */; };
		DB52159F2B6C14ED004B4B1D /* pilgrimage_appTests.swift in Sources */ = {isa = PBXBuildFile; fileRef = DB52159E2B6C14ED004B4B1D /* pilgrimage_appTests.swift */; };
		DB5215A92B6C14ED004B4B1D /* pilgrimage_appUITests.swift in Sources */ = {isa = PBXBuildFile; fileRef = DB5215A82B6C14ED004B4B1D /* pilgrimage_appUITests.swift */; };
		DB5215AB2B6C14ED004B4B1D /* pilgrimage_appUITestsLaunchTests.swift in Sources */ = {isa = PBXBuildFile; fileRef = DB5215AA2B6C14ED004B4B1D /* pilgrimage_appUITestsLaunchTests.swift */; };
		DB64116B2B7E6DCC0080D304 /* MaptView.swift in Sources */ = {isa = PBXBuildFile; fileRef = DB64116A2B7E6DCC0080D304 /* MaptView.swift */; };
		DB64116D2B7E9A6B0080D304 /* RoundedButtonStyle.swift in Sources */ = {isa = PBXBuildFile; fileRef = DB64116C2B7E9A6B0080D304 /* RoundedButtonStyle.swift */; };
		DB79BD112B96005B006CE137 /* GoogleService-Info.plist in Resources */ = {isa = PBXBuildFile; fileRef = DB79BD102B96005B006CE137 /* GoogleService-Info.plist */; };
		DB79BD142B9600F3006CE137 /* FirebaseAnalytics in Frameworks */ = {isa = PBXBuildFile; productRef = DB79BD132B9600F3006CE137 /* FirebaseAnalytics */; };
		DB79BD162B9600F3006CE137 /* FirebaseAnalyticsOnDeviceConversion in Frameworks */ = {isa = PBXBuildFile; productRef = DB79BD152B9600F3006CE137 /* FirebaseAnalyticsOnDeviceConversion */; };
		DB79BD182B9600F3006CE137 /* FirebaseAnalyticsSwift in Frameworks */ = {isa = PBXBuildFile; productRef = DB79BD172B9600F3006CE137 /* FirebaseAnalyticsSwift */; };
		DB79BD1A2B9600F3006CE137 /* FirebaseAppCheck in Frameworks */ = {isa = PBXBuildFile; productRef = DB79BD192B9600F3006CE137 /* FirebaseAppCheck */; };
		DB79BD1D2B960534006CE137 /* FirebaseFirestore in Frameworks */ = {isa = PBXBuildFile; productRef = DB79BD1C2B960534006CE137 /* FirebaseFirestore */; };
		DB79BD1F2B960534006CE137 /* FirebaseFirestoreCombine-Community in Frameworks */ = {isa = PBXBuildFile; productRef = DB79BD1E2B960534006CE137 /* FirebaseFirestoreCombine-Community */; };
		DB79BD212B960534006CE137 /* FirebaseFirestoreSwift in Frameworks */ = {isa = PBXBuildFile; productRef = DB79BD202B960534006CE137 /* FirebaseFirestoreSwift */; };
		DB79BD242B96061C006CE137 /* Sanctuary.swift in Sources */ = {isa = PBXBuildFile; fileRef = DB79BD232B96061C006CE137 /* Sanctuary.swift */; };
		DB79BD262B960634006CE137 /* User.swift in Sources */ = {isa = PBXBuildFile; fileRef = DB79BD252B960634006CE137 /* User.swift */; };
		DB79BD292B96070E006CE137 /* NavigationViewModel.swift in Sources */ = {isa = PBXBuildFile; fileRef = DB79BD282B96070E006CE137 /* NavigationViewModel.swift */; };
		DB79BD2B2B960982006CE137 /* UserView.swift in Sources */ = {isa = PBXBuildFile; fileRef = DB79BD2A2B960982006CE137 /* UserView.swift */; };
		DB79BD2D2B960F53006CE137 /* SanctuaryViewModel.swift in Sources */ = {isa = PBXBuildFile; fileRef = DB79BD2C2B960F53006CE137 /* SanctuaryViewModel.swift */; };
		DBAB254B2BED126400A478DD /* ContentsListView.swift in Sources */ = {isa = PBXBuildFile; fileRef = DBAB254A2BED126400A478DD /* ContentsListView.swift */; };
		DBCB631B2C65179C0096A4B5 /* TopViewModel.swift in Sources */ = {isa = PBXBuildFile; fileRef = DBCB631A2C65179C0096A4B5 /* TopViewModel.swift */; };
		DBCC44432BF3C65F0020F5EC /* Media.xcassets in Resources */ = {isa = PBXBuildFile; fileRef = DBCC44422BF3C65F0020F5EC /* Media.xcassets */; };
		DBE77D3D2C402652002CB790 /* TopView.swift in Sources */ = {isa = PBXBuildFile; fileRef = DBE77D3C2C402652002CB790 /* TopView.swift */; };
		DBEF7F8F2BA32A83003E08AC /* SanctuaryRepositoryImp.swift in Sources */ = {isa = PBXBuildFile; fileRef = DBEF7F8E2BA32A83003E08AC /* SanctuaryRepositoryImp.swift */; };
		DBEF7F912BA332AB003E08AC /* Content.swift in Sources */ = {isa = PBXBuildFile; fileRef = DBEF7F902BA332AB003E08AC /* Content.swift */; };
		DBEF7F962BC6F7F9003E08AC /* ContentInfoWindow.swift in Sources */ = {isa = PBXBuildFile; fileRef = DBEF7F952BC6F7F9003E08AC /* ContentInfoWindow.swift */; };
/* End PBXBuildFile section */

/* Begin PBXContainerItemProxy section */
		DB52159B2B6C14ED004B4B1D /* PBXContainerItemProxy */ = {
			isa = PBXContainerItemProxy;
			containerPortal = DB52157E2B6C14EC004B4B1D /* Project object */;
			proxyType = 1;
			remoteGlobalIDString = DB5215852B6C14EC004B4B1D;
			remoteInfo = pilgrimage_app;
		};
		DB5215A52B6C14ED004B4B1D /* PBXContainerItemProxy */ = {
			isa = PBXContainerItemProxy;
			containerPortal = DB52157E2B6C14EC004B4B1D /* Project object */;
			proxyType = 1;
			remoteGlobalIDString = DB5215852B6C14EC004B4B1D;
			remoteInfo = pilgrimage_app;
		};
/* End PBXContainerItemProxy section */

/* Begin PBXFileReference section */
		DB5215862B6C14EC004B4B1D /* pilgrimage_app.app */ = {isa = PBXFileReference; explicitFileType = wrapper.application; includeInIndex = 0; path = pilgrimage_app.app; sourceTree = BUILT_PRODUCTS_DIR; };
		DB5215892B6C14EC004B4B1D /* pilgrimage_appApp.swift */ = {isa = PBXFileReference; lastKnownFileType = sourcecode.swift; path = pilgrimage_appApp.swift; sourceTree = "<group>"; };
		DB52158B2B6C14EC004B4B1D /* ContentView.swift */ = {isa = PBXFileReference; lastKnownFileType = sourcecode.swift; path = ContentView.swift; sourceTree = "<group>"; };
		DB52158D2B6C14EC004B4B1D /* Item.swift */ = {isa = PBXFileReference; lastKnownFileType = sourcecode.swift; path = Item.swift; sourceTree = "<group>"; };
		DB52158F2B6C14ED004B4B1D /* Assets.xcassets */ = {isa = PBXFileReference; lastKnownFileType = folder.assetcatalog; path = Assets.xcassets; sourceTree = "<group>"; };
		DB5215922B6C14ED004B4B1D /* Preview Assets.xcassets */ = {isa = PBXFileReference; lastKnownFileType = folder.assetcatalog; path = "Preview Assets.xcassets"; sourceTree = "<group>"; };
		DB5215942B6C14ED004B4B1D /* pilgrimage_app.entitlements */ = {isa = PBXFileReference; lastKnownFileType = text.plist.entitlements; path = pilgrimage_app.entitlements; sourceTree = "<group>"; };
		DB5215952B6C14ED004B4B1D /* Info.plist */ = {isa = PBXFileReference; lastKnownFileType = text.plist.xml; path = Info.plist; sourceTree = "<group>"; };
		DB52159A2B6C14ED004B4B1D /* pilgrimage_appTests.xctest */ = {isa = PBXFileReference; explicitFileType = wrapper.cfbundle; includeInIndex = 0; path = pilgrimage_appTests.xctest; sourceTree = BUILT_PRODUCTS_DIR; };
		DB52159E2B6C14ED004B4B1D /* pilgrimage_appTests.swift */ = {isa = PBXFileReference; lastKnownFileType = sourcecode.swift; path = pilgrimage_appTests.swift; sourceTree = "<group>"; };
		DB5215A42B6C14ED004B4B1D /* pilgrimage_appUITests.xctest */ = {isa = PBXFileReference; explicitFileType = wrapper.cfbundle; includeInIndex = 0; path = pilgrimage_appUITests.xctest; sourceTree = BUILT_PRODUCTS_DIR; };
		DB5215A82B6C14ED004B4B1D /* pilgrimage_appUITests.swift */ = {isa = PBXFileReference; lastKnownFileType = sourcecode.swift; path = pilgrimage_appUITests.swift; sourceTree = "<group>"; };
		DB5215AA2B6C14ED004B4B1D /* pilgrimage_appUITestsLaunchTests.swift */ = {isa = PBXFileReference; lastKnownFileType = sourcecode.swift; path = pilgrimage_appUITestsLaunchTests.swift; sourceTree = "<group>"; };
		DB6341462C11F6490099D725 /* pilgrimage_appRelease.entitlements */ = {isa = PBXFileReference; lastKnownFileType = text.plist.entitlements; path = pilgrimage_appRelease.entitlements; sourceTree = "<group>"; };
		DB64116A2B7E6DCC0080D304 /* MaptView.swift */ = {isa = PBXFileReference; lastKnownFileType = sourcecode.swift; path = MaptView.swift; sourceTree = "<group>"; };
		DB64116C2B7E9A6B0080D304 /* RoundedButtonStyle.swift */ = {isa = PBXFileReference; lastKnownFileType = sourcecode.swift; path = RoundedButtonStyle.swift; sourceTree = "<group>"; };
		DB79BD102B96005B006CE137 /* GoogleService-Info.plist */ = {isa = PBXFileReference; fileEncoding = 4; lastKnownFileType = text.plist.xml; name = "GoogleService-Info.plist"; path = "../../../Downloads/GoogleService-Info.plist"; sourceTree = "<group>"; };
		DB79BD232B96061C006CE137 /* Sanctuary.swift */ = {isa = PBXFileReference; lastKnownFileType = sourcecode.swift; path = Sanctuary.swift; sourceTree = "<group>"; };
		DB79BD252B960634006CE137 /* User.swift */ = {isa = PBXFileReference; lastKnownFileType = sourcecode.swift; path = User.swift; sourceTree = "<group>"; };
		DB79BD282B96070E006CE137 /* NavigationViewModel.swift */ = {isa = PBXFileReference; lastKnownFileType = sourcecode.swift; path = NavigationViewModel.swift; sourceTree = "<group>"; };
		DB79BD2A2B960982006CE137 /* UserView.swift */ = {isa = PBXFileReference; lastKnownFileType = sourcecode.swift; path = UserView.swift; sourceTree = "<group>"; };
		DB79BD2C2B960F53006CE137 /* SanctuaryViewModel.swift */ = {isa = PBXFileReference; lastKnownFileType = sourcecode.swift; path = SanctuaryViewModel.swift; sourceTree = "<group>"; };
		DBAB254A2BED126400A478DD /* ContentsListView.swift */ = {isa = PBXFileReference; lastKnownFileType = sourcecode.swift; path = ContentsListView.swift; sourceTree = "<group>"; };
		DBCB631A2C65179C0096A4B5 /* TopViewModel.swift */ = {isa = PBXFileReference; lastKnownFileType = sourcecode.swift; path = TopViewModel.swift; sourceTree = "<group>"; };
		DBCC44422BF3C65F0020F5EC /* Media.xcassets */ = {isa = PBXFileReference; lastKnownFileType = folder.assetcatalog; path = Media.xcassets; sourceTree = "<group>"; };
		DBE77D3C2C402652002CB790 /* TopView.swift */ = {isa = PBXFileReference; lastKnownFileType = sourcecode.swift; path = TopView.swift; sourceTree = "<group>"; };
		DBEF7F8E2BA32A83003E08AC /* SanctuaryRepositoryImp.swift */ = {isa = PBXFileReference; lastKnownFileType = sourcecode.swift; path = SanctuaryRepositoryImp.swift; sourceTree = "<group>"; };
		DBEF7F902BA332AB003E08AC /* Content.swift */ = {isa = PBXFileReference; lastKnownFileType = sourcecode.swift; path = Content.swift; sourceTree = "<group>"; };
		DBEF7F952BC6F7F9003E08AC /* ContentInfoWindow.swift */ = {isa = PBXFileReference; lastKnownFileType = sourcecode.swift; path = ContentInfoWindow.swift; sourceTree = "<group>"; };
/* End PBXFileReference section */

/* Begin PBXFrameworksBuildPhase section */
		DB5215832B6C14EC004B4B1D /* Frameworks */ = {
			isa = PBXFrameworksBuildPhase;
			buildActionMask = 2147483647;
			files = (
				DB79BD1A2B9600F3006CE137 /* FirebaseAppCheck in Frameworks */,
				DB79BD182B9600F3006CE137 /* FirebaseAnalyticsSwift in Frameworks */,
				DB79BD142B9600F3006CE137 /* FirebaseAnalytics in Frameworks */,
				DB79BD212B960534006CE137 /* FirebaseFirestoreSwift in Frameworks */,
				DB79BD1F2B960534006CE137 /* FirebaseFirestoreCombine-Community in Frameworks */,
				DB79BD1D2B960534006CE137 /* FirebaseFirestore in Frameworks */,
				DB79BD162B9600F3006CE137 /* FirebaseAnalyticsOnDeviceConversion in Frameworks */,
			);
			runOnlyForDeploymentPostprocessing = 0;
		};
		DB5215972B6C14ED004B4B1D /* Frameworks */ = {
			isa = PBXFrameworksBuildPhase;
			buildActionMask = 2147483647;
			files = (
			);
			runOnlyForDeploymentPostprocessing = 0;
		};
		DB5215A12B6C14ED004B4B1D /* Frameworks */ = {
			isa = PBXFrameworksBuildPhase;
			buildActionMask = 2147483647;
			files = (
			);
			runOnlyForDeploymentPostprocessing = 0;
		};
/* End PBXFrameworksBuildPhase section */

/* Begin PBXGroup section */
		DB52157D2B6C14EC004B4B1D = {
			isa = PBXGroup;
			children = (
				DBCC44422BF3C65F0020F5EC /* Media.xcassets */,
				DB5215882B6C14EC004B4B1D /* pilgrimage_app */,
				DB52159D2B6C14ED004B4B1D /* pilgrimage_appTests */,
				DB5215A72B6C14ED004B4B1D /* pilgrimage_appUITests */,
				DB5215872B6C14EC004B4B1D /* Products */,
				DB79BD1B2B960534006CE137 /* Frameworks */,
			);
			sourceTree = "<group>";
		};
		DB5215872B6C14EC004B4B1D /* Products */ = {
			isa = PBXGroup;
			children = (
				DB5215862B6C14EC004B4B1D /* pilgrimage_app.app */,
				DB52159A2B6C14ED004B4B1D /* pilgrimage_appTests.xctest */,
				DB5215A42B6C14ED004B4B1D /* pilgrimage_appUITests.xctest */,
			);
			name = Products;
			sourceTree = "<group>";
		};
		DB5215882B6C14EC004B4B1D /* pilgrimage_app */ = {
			isa = PBXGroup;
			children = (
				DB6341462C11F6490099D725 /* pilgrimage_appRelease.entitlements */,
				DBEF7F8D2BA32A37003E08AC /* data */,
				DB79BD272B9606F0006CE137 /* view_model */,
				DB79BD222B960600006CE137 /* model */,
				DB5215892B6C14EC004B4B1D /* pilgrimage_appApp.swift */,
				DB52158B2B6C14EC004B4B1D /* ContentView.swift */,
				DB52158D2B6C14EC004B4B1D /* Item.swift */,
				DB52158F2B6C14ED004B4B1D /* Assets.xcassets */,
				DB5215942B6C14ED004B4B1D /* pilgrimage_app.entitlements */,
				DB5215952B6C14ED004B4B1D /* Info.plist */,
				DB79BD102B96005B006CE137 /* GoogleService-Info.plist */,
				DB5215912B6C14ED004B4B1D /* Preview Content */,
				DB64116A2B7E6DCC0080D304 /* MaptView.swift */,
				DB64116C2B7E9A6B0080D304 /* RoundedButtonStyle.swift */,
				DB79BD2A2B960982006CE137 /* UserView.swift */,
				DBEF7F952BC6F7F9003E08AC /* ContentInfoWindow.swift */,
				DBAB254A2BED126400A478DD /* ContentsListView.swift */,
				DBE77D3C2C402652002CB790 /* TopView.swift */,
			);
			path = pilgrimage_app;
			sourceTree = "<group>";
		};
		DB5215912B6C14ED004B4B1D /* Preview Content */ = {
			isa = PBXGroup;
			children = (
				DB5215922B6C14ED004B4B1D /* Preview Assets.xcassets */,
			);
			path = "Preview Content";
			sourceTree = "<group>";
		};
		DB52159D2B6C14ED004B4B1D /* pilgrimage_appTests */ = {
			isa = PBXGroup;
			children = (
				DB52159E2B6C14ED004B4B1D /* pilgrimage_appTests.swift */,
			);
			path = pilgrimage_appTests;
			sourceTree = "<group>";
		};
		DB5215A72B6C14ED004B4B1D /* pilgrimage_appUITests */ = {
			isa = PBXGroup;
			children = (
				DB5215A82B6C14ED004B4B1D /* pilgrimage_appUITests.swift */,
				DB5215AA2B6C14ED004B4B1D /* pilgrimage_appUITestsLaunchTests.swift */,
			);
			path = pilgrimage_appUITests;
			sourceTree = "<group>";
		};
		DB79BD1B2B960534006CE137 /* Frameworks */ = {
			isa = PBXGroup;
			children = (
			);
			name = Frameworks;
			sourceTree = "<group>";
		};
		DB79BD222B960600006CE137 /* model */ = {
			isa = PBXGroup;
			children = (
				DB79BD232B96061C006CE137 /* Sanctuary.swift */,
				DB79BD252B960634006CE137 /* User.swift */,
				DBEF7F902BA332AB003E08AC /* Content.swift */,
			);
			path = model;
			sourceTree = "<group>";
		};
		DB79BD272B9606F0006CE137 /* view_model */ = {
			isa = PBXGroup;
			children = (
				DB79BD282B96070E006CE137 /* NavigationViewModel.swift */,
				DB79BD2C2B960F53006CE137 /* SanctuaryViewModel.swift */,
				DBCB631A2C65179C0096A4B5 /* TopViewModel.swift */,
			);
			path = view_model;
			sourceTree = "<group>";
		};
		DBEF7F8D2BA32A37003E08AC /* data */ = {
			isa = PBXGroup;
			children = (
				DBEF7F8E2BA32A83003E08AC /* SanctuaryRepositoryImp.swift */,
			);
			path = data;
			sourceTree = "<group>";
		};
/* End PBXGroup section */

/* Begin PBXNativeTarget section */
		DB5215852B6C14EC004B4B1D /* pilgrimage_app */ = {
			isa = PBXNativeTarget;
			buildConfigurationList = DB5215AE2B6C14ED004B4B1D /* Build configuration list for PBXNativeTarget "pilgrimage_app" */;
			buildPhases = (
				DB5215822B6C14EC004B4B1D /* Sources */,
				DB5215832B6C14EC004B4B1D /* Frameworks */,
				DB5215842B6C14EC004B4B1D /* Resources */,
			);
			buildRules = (
			);
			dependencies = (
			);
			name = pilgrimage_app;
			packageProductDependencies = (
				DB79BD132B9600F3006CE137 /* FirebaseAnalytics */,
				DB79BD152B9600F3006CE137 /* FirebaseAnalyticsOnDeviceConversion */,
				DB79BD172B9600F3006CE137 /* FirebaseAnalyticsSwift */,
				DB79BD192B9600F3006CE137 /* FirebaseAppCheck */,
				DB79BD1C2B960534006CE137 /* FirebaseFirestore */,
				DB79BD1E2B960534006CE137 /* FirebaseFirestoreCombine-Community */,
				DB79BD202B960534006CE137 /* FirebaseFirestoreSwift */,
			);
			productName = pilgrimage_app;
			productReference = DB5215862B6C14EC004B4B1D /* pilgrimage_app.app */;
			productType = "com.apple.product-type.application";
		};
		DB5215992B6C14ED004B4B1D /* pilgrimage_appTests */ = {
			isa = PBXNativeTarget;
			buildConfigurationList = DB5215B12B6C14ED004B4B1D /* Build configuration list for PBXNativeTarget "pilgrimage_appTests" */;
			buildPhases = (
				DB5215962B6C14ED004B4B1D /* Sources */,
				DB5215972B6C14ED004B4B1D /* Frameworks */,
				DB5215982B6C14ED004B4B1D /* Resources */,
			);
			buildRules = (
			);
			dependencies = (
				DB52159C2B6C14ED004B4B1D /* PBXTargetDependency */,
			);
			name = pilgrimage_appTests;
			productName = pilgrimage_appTests;
			productReference = DB52159A2B6C14ED004B4B1D /* pilgrimage_appTests.xctest */;
			productType = "com.apple.product-type.bundle.unit-test";
		};
		DB5215A32B6C14ED004B4B1D /* pilgrimage_appUITests */ = {
			isa = PBXNativeTarget;
			buildConfigurationList = DB5215B42B6C14ED004B4B1D /* Build configuration list for PBXNativeTarget "pilgrimage_appUITests" */;
			buildPhases = (
				DB5215A02B6C14ED004B4B1D /* Sources */,
				DB5215A12B6C14ED004B4B1D /* Frameworks */,
				DB5215A22B6C14ED004B4B1D /* Resources */,
			);
			buildRules = (
			);
			dependencies = (
				DB5215A62B6C14ED004B4B1D /* PBXTargetDependency */,
			);
			name = pilgrimage_appUITests;
			productName = pilgrimage_appUITests;
			productReference = DB5215A42B6C14ED004B4B1D /* pilgrimage_appUITests.xctest */;
			productType = "com.apple.product-type.bundle.ui-testing";
		};
/* End PBXNativeTarget section */

/* Begin PBXProject section */
		DB52157E2B6C14EC004B4B1D /* Project object */ = {
			isa = PBXProject;
			attributes = {
				BuildIndependentTargetsInParallel = 1;
				LastSwiftUpdateCheck = 1520;
				LastUpgradeCheck = 1520;
				TargetAttributes = {
					DB5215852B6C14EC004B4B1D = {
						CreatedOnToolsVersion = 15.2;
					};
					DB5215992B6C14ED004B4B1D = {
						CreatedOnToolsVersion = 15.2;
						TestTargetID = DB5215852B6C14EC004B4B1D;
					};
					DB5215A32B6C14ED004B4B1D = {
						CreatedOnToolsVersion = 15.2;
						TestTargetID = DB5215852B6C14EC004B4B1D;
					};
				};
			};
			buildConfigurationList = DB5215812B6C14EC004B4B1D /* Build configuration list for PBXProject "pilgrimage_app" */;
			compatibilityVersion = "Xcode 14.0";
			developmentRegion = en;
			hasScannedForEncodings = 0;
			knownRegions = (
				en,
				Base,
			);
			mainGroup = DB52157D2B6C14EC004B4B1D;
			packageReferences = (
				DB79BD122B9600F3006CE137 /* XCRemoteSwiftPackageReference "firebase-ios-sdk" */,
			);
			productRefGroup = DB5215872B6C14EC004B4B1D /* Products */;
			projectDirPath = "";
			projectRoot = "";
			targets = (
				DB5215852B6C14EC004B4B1D /* pilgrimage_app */,
				DB5215992B6C14ED004B4B1D /* pilgrimage_appTests */,
				DB5215A32B6C14ED004B4B1D /* pilgrimage_appUITests */,
			);
		};
/* End PBXProject section */

/* Begin PBXResourcesBuildPhase section */
		DB5215842B6C14EC004B4B1D /* Resources */ = {
			isa = PBXResourcesBuildPhase;
			buildActionMask = 2147483647;
			files = (
				DB5215932B6C14ED004B4B1D /* Preview Assets.xcassets in Resources */,
				DB5215902B6C14ED004B4B1D /* Assets.xcassets in Resources */,
				DBCC44432BF3C65F0020F5EC /* Media.xcassets in Resources */,
				DB79BD112B96005B006CE137 /* GoogleService-Info.plist in Resources */,
			);
			runOnlyForDeploymentPostprocessing = 0;
		};
		DB5215982B6C14ED004B4B1D /* Resources */ = {
			isa = PBXResourcesBuildPhase;
			buildActionMask = 2147483647;
			files = (
			);
			runOnlyForDeploymentPostprocessing = 0;
		};
		DB5215A22B6C14ED004B4B1D /* Resources */ = {
			isa = PBXResourcesBuildPhase;
			buildActionMask = 2147483647;
			files = (
			);
			runOnlyForDeploymentPostprocessing = 0;
		};
/* End PBXResourcesBuildPhase section */

/* Begin PBXSourcesBuildPhase section */
		DB5215822B6C14EC004B4B1D /* Sources */ = {
			isa = PBXSourcesBuildPhase;
			buildActionMask = 2147483647;
			files = (
				DB52158C2B6C14EC004B4B1D /* ContentView.swift in Sources */,
				DBE77D3D2C402652002CB790 /* TopView.swift in Sources */,
				DB79BD292B96070E006CE137 /* NavigationViewModel.swift in Sources */,
				DB52158E2B6C14EC004B4B1D /* Item.swift in Sources */,
				DBCB631B2C65179C0096A4B5 /* TopViewModel.swift in Sources */,
				DB79BD262B960634006CE137 /* User.swift in Sources */,
				DB64116D2B7E9A6B0080D304 /* RoundedButtonStyle.swift in Sources */,
				DB79BD2D2B960F53006CE137 /* SanctuaryViewModel.swift in Sources */,
				DBAB254B2BED126400A478DD /* ContentsListView.swift in Sources */,
				DBEF7F8F2BA32A83003E08AC /* SanctuaryRepositoryImp.swift in Sources */,
				DB64116B2B7E6DCC0080D304 /* MaptView.swift in Sources */,
				DB79BD242B96061C006CE137 /* Sanctuary.swift in Sources */,
				DBEF7F962BC6F7F9003E08AC /* ContentInfoWindow.swift in Sources */,
				DB79BD2B2B960982006CE137 /* UserView.swift in Sources */,
				DB52158A2B6C14EC004B4B1D /* pilgrimage_appApp.swift in Sources */,
				DBEF7F912BA332AB003E08AC /* Content.swift in Sources */,
			);
			runOnlyForDeploymentPostprocessing = 0;
		};
		DB5215962B6C14ED004B4B1D /* Sources */ = {
			isa = PBXSourcesBuildPhase;
			buildActionMask = 2147483647;
			files = (
				DB52159F2B6C14ED004B4B1D /* pilgrimage_appTests.swift in Sources */,
			);
			runOnlyForDeploymentPostprocessing = 0;
		};
		DB5215A02B6C14ED004B4B1D /* Sources */ = {
			isa = PBXSourcesBuildPhase;
			buildActionMask = 2147483647;
			files = (
				DB5215A92B6C14ED004B4B1D /* pilgrimage_appUITests.swift in Sources */,
				DB5215AB2B6C14ED004B4B1D /* pilgrimage_appUITestsLaunchTests.swift in Sources */,
			);
			runOnlyForDeploymentPostprocessing = 0;
		};
/* End PBXSourcesBuildPhase section */

/* Begin PBXTargetDependency section */
		DB52159C2B6C14ED004B4B1D /* PBXTargetDependency */ = {
			isa = PBXTargetDependency;
			target = DB5215852B6C14EC004B4B1D /* pilgrimage_app */;
			targetProxy = DB52159B2B6C14ED004B4B1D /* PBXContainerItemProxy */;
		};
		DB5215A62B6C14ED004B4B1D /* PBXTargetDependency */ = {
			isa = PBXTargetDependency;
			target = DB5215852B6C14EC004B4B1D /* pilgrimage_app */;
			targetProxy = DB5215A52B6C14ED004B4B1D /* PBXContainerItemProxy */;
		};
/* End PBXTargetDependency section */

/* Begin XCBuildConfiguration section */
		DB5215AC2B6C14ED004B4B1D /* Debug */ = {
			isa = XCBuildConfiguration;
			buildSettings = {
				ALWAYS_SEARCH_USER_PATHS = NO;
				ASSETCATALOG_COMPILER_GENERATE_SWIFT_ASSET_SYMBOL_EXTENSIONS = YES;
				CLANG_ANALYZER_NONNULL = YES;
				CLANG_ANALYZER_NUMBER_OBJECT_CONVERSION = YES_AGGRESSIVE;
				CLANG_CXX_LANGUAGE_STANDARD = "gnu++20";
				CLANG_ENABLE_MODULES = YES;
				CLANG_ENABLE_OBJC_ARC = YES;
				CLANG_ENABLE_OBJC_WEAK = YES;
				CLANG_WARN_BLOCK_CAPTURE_AUTORELEASING = YES;
				CLANG_WARN_BOOL_CONVERSION = YES;
				CLANG_WARN_COMMA = YES;
				CLANG_WARN_CONSTANT_CONVERSION = YES;
				CLANG_WARN_DEPRECATED_OBJC_IMPLEMENTATIONS = YES;
				CLANG_WARN_DIRECT_OBJC_ISA_USAGE = YES_ERROR;
				CLANG_WARN_DOCUMENTATION_COMMENTS = YES;
				CLANG_WARN_EMPTY_BODY = YES;
				CLANG_WARN_ENUM_CONVERSION = YES;
				CLANG_WARN_INFINITE_RECURSION = YES;
				CLANG_WARN_INT_CONVERSION = YES;
				CLANG_WARN_NON_LITERAL_NULL_CONVERSION = YES;
				CLANG_WARN_OBJC_IMPLICIT_RETAIN_SELF = YES;
				CLANG_WARN_OBJC_LITERAL_CONVERSION = YES;
				CLANG_WARN_OBJC_ROOT_CLASS = YES_ERROR;
				CLANG_WARN_QUOTED_INCLUDE_IN_FRAMEWORK_HEADER = YES;
				CLANG_WARN_RANGE_LOOP_ANALYSIS = YES;
				CLANG_WARN_STRICT_PROTOTYPES = YES;
				CLANG_WARN_SUSPICIOUS_MOVE = YES;
				CLANG_WARN_UNGUARDED_AVAILABILITY = YES_AGGRESSIVE;
				CLANG_WARN_UNREACHABLE_CODE = YES;
				CLANG_WARN__DUPLICATE_METHOD_MATCH = YES;
				COPY_PHASE_STRIP = NO;
				DEBUG_INFORMATION_FORMAT = dwarf;
				ENABLE_STRICT_OBJC_MSGSEND = YES;
				ENABLE_TESTABILITY = YES;
				ENABLE_USER_SCRIPT_SANDBOXING = YES;
				GCC_C_LANGUAGE_STANDARD = gnu17;
				GCC_DYNAMIC_NO_PIC = NO;
				GCC_NO_COMMON_BLOCKS = YES;
				GCC_OPTIMIZATION_LEVEL = 0;
				GCC_PREPROCESSOR_DEFINITIONS = (
					"DEBUG=1",
					"$(inherited)",
				);
				GCC_WARN_64_TO_32_BIT_CONVERSION = YES;
				GCC_WARN_ABOUT_RETURN_TYPE = YES_ERROR;
				GCC_WARN_UNDECLARED_SELECTOR = YES;
				GCC_WARN_UNINITIALIZED_AUTOS = YES_AGGRESSIVE;
				GCC_WARN_UNUSED_FUNCTION = YES;
				GCC_WARN_UNUSED_VARIABLE = YES;
				IPHONEOS_DEPLOYMENT_TARGET = 17.0;
				LOCALIZATION_PREFERS_STRING_CATALOGS = YES;
				MTL_ENABLE_DEBUG_INFO = INCLUDE_SOURCE;
				MTL_FAST_MATH = YES;
				ONLY_ACTIVE_ARCH = YES;
				SDKROOT = iphoneos;
				SWIFT_ACTIVE_COMPILATION_CONDITIONS = "DEBUG $(inherited)";
				SWIFT_OPTIMIZATION_LEVEL = "-Onone";
			};
			name = Debug;
		};
		DB5215AD2B6C14ED004B4B1D /* Release */ = {
			isa = XCBuildConfiguration;
			buildSettings = {
				ALWAYS_SEARCH_USER_PATHS = NO;
				ASSETCATALOG_COMPILER_GENERATE_SWIFT_ASSET_SYMBOL_EXTENSIONS = YES;
				CLANG_ANALYZER_NONNULL = YES;
				CLANG_ANALYZER_NUMBER_OBJECT_CONVERSION = YES_AGGRESSIVE;
				CLANG_CXX_LANGUAGE_STANDARD = "gnu++20";
				CLANG_ENABLE_MODULES = YES;
				CLANG_ENABLE_OBJC_ARC = YES;
				CLANG_ENABLE_OBJC_WEAK = YES;
				CLANG_WARN_BLOCK_CAPTURE_AUTORELEASING = YES;
				CLANG_WARN_BOOL_CONVERSION = YES;
				CLANG_WARN_COMMA = YES;
				CLANG_WARN_CONSTANT_CONVERSION = YES;
				CLANG_WARN_DEPRECATED_OBJC_IMPLEMENTATIONS = YES;
				CLANG_WARN_DIRECT_OBJC_ISA_USAGE = YES_ERROR;
				CLANG_WARN_DOCUMENTATION_COMMENTS = YES;
				CLANG_WARN_EMPTY_BODY = YES;
				CLANG_WARN_ENUM_CONVERSION = YES;
				CLANG_WARN_INFINITE_RECURSION = YES;
				CLANG_WARN_INT_CONVERSION = YES;
				CLANG_WARN_NON_LITERAL_NULL_CONVERSION = YES;
				CLANG_WARN_OBJC_IMPLICIT_RETAIN_SELF = YES;
				CLANG_WARN_OBJC_LITERAL_CONVERSION = YES;
				CLANG_WARN_OBJC_ROOT_CLASS = YES_ERROR;
				CLANG_WARN_QUOTED_INCLUDE_IN_FRAMEWORK_HEADER = YES;
				CLANG_WARN_RANGE_LOOP_ANALYSIS = YES;
				CLANG_WARN_STRICT_PROTOTYPES = YES;
				CLANG_WARN_SUSPICIOUS_MOVE = YES;
				CLANG_WARN_UNGUARDED_AVAILABILITY = YES_AGGRESSIVE;
				CLANG_WARN_UNREACHABLE_CODE = YES;
				CLANG_WARN__DUPLICATE_METHOD_MATCH = YES;
				COPY_PHASE_STRIP = NO;
				DEBUG_INFORMATION_FORMAT = "dwarf-with-dsym";
				ENABLE_NS_ASSERTIONS = NO;
				ENABLE_STRICT_OBJC_MSGSEND = YES;
				ENABLE_USER_SCRIPT_SANDBOXING = YES;
				GCC_C_LANGUAGE_STANDARD = gnu17;
				GCC_NO_COMMON_BLOCKS = YES;
				GCC_WARN_64_TO_32_BIT_CONVERSION = YES;
				GCC_WARN_ABOUT_RETURN_TYPE = YES_ERROR;
				GCC_WARN_UNDECLARED_SELECTOR = YES;
				GCC_WARN_UNINITIALIZED_AUTOS = YES_AGGRESSIVE;
				GCC_WARN_UNUSED_FUNCTION = YES;
				GCC_WARN_UNUSED_VARIABLE = YES;
				IPHONEOS_DEPLOYMENT_TARGET = 17.0;
				LOCALIZATION_PREFERS_STRING_CATALOGS = YES;
				MTL_ENABLE_DEBUG_INFO = NO;
				MTL_FAST_MATH = YES;
				SDKROOT = iphoneos;
				SWIFT_COMPILATION_MODE = wholemodule;
				VALIDATE_PRODUCT = YES;
			};
			name = Release;
		};
		DB5215AF2B6C14ED004B4B1D /* Debug */ = {
			isa = XCBuildConfiguration;
			buildSettings = {
				ASSETCATALOG_COMPILER_APPICON_NAME = AppIcon;
				ASSETCATALOG_COMPILER_GLOBAL_ACCENT_COLOR_NAME = AccentColor;
				ASSETCATALOG_COMPILER_INCLUDE_ALL_APPICON_ASSETS = YES;
				CODE_SIGN_ENTITLEMENTS = pilgrimage_app/pilgrimage_app.entitlements;
				CODE_SIGN_STYLE = Automatic;
				CURRENT_PROJECT_VERSION = 3;
				DEVELOPMENT_ASSET_PATHS = "\"pilgrimage_app/Preview Content\"";
				DEVELOPMENT_TEAM = 44C7C58A7D;
				ENABLE_PREVIEWS = YES;
				GENERATE_INFOPLIST_FILE = YES;
				INFOPLIST_FILE = pilgrimage_app/Info.plist;
				INFOPLIST_KEY_LSApplicationCategoryType = "public.app-category.travel";
				INFOPLIST_KEY_UIApplicationSceneManifest_Generation = YES;
				INFOPLIST_KEY_UIApplicationSupportsIndirectInputEvents = YES;
				INFOPLIST_KEY_UILaunchScreen_Generation = YES;
				INFOPLIST_KEY_UISupportedInterfaceOrientations_iPad = "UIInterfaceOrientationPortrait UIInterfaceOrientationPortraitUpsideDown UIInterfaceOrientationLandscapeLeft UIInterfaceOrientationLandscapeRight";
				INFOPLIST_KEY_UISupportedInterfaceOrientations_iPhone = "UIInterfaceOrientationPortrait UIInterfaceOrientationLandscapeLeft UIInterfaceOrientationLandscapeRight";
				IPHONEOS_DEPLOYMENT_TARGET = 17.0;
				LD_RUNPATH_SEARCH_PATHS = (
					"$(inherited)",
					"@executable_path/Frameworks",
				);
				MARKETING_VERSION = 1.0;
				PRODUCT_BUNDLE_IDENTIFIER = "OTNPS.pilgrimage-app";
				PRODUCT_NAME = "$(TARGET_NAME)";
				SUPPORTED_PLATFORMS = "iphoneos iphonesimulator";
				SUPPORTS_MACCATALYST = NO;
				SUPPORTS_MAC_DESIGNED_FOR_IPHONE_IPAD = NO;
				SUPPORTS_XR_DESIGNED_FOR_IPHONE_IPAD = NO;
				SWIFT_EMIT_LOC_STRINGS = YES;
				SWIFT_VERSION = 5.0;
				TARGETED_DEVICE_FAMILY = 1;
			};
			name = Debug;
		};
		DB5215B02B6C14ED004B4B1D /* Release */ = {
			isa = XCBuildConfiguration;
			buildSettings = {
				ASSETCATALOG_COMPILER_APPICON_NAME = AppIcon;
				ASSETCATALOG_COMPILER_GLOBAL_ACCENT_COLOR_NAME = AccentColor;
				ASSETCATALOG_COMPILER_INCLUDE_ALL_APPICON_ASSETS = YES;
				CODE_SIGN_ENTITLEMENTS = pilgrimage_app/pilgrimage_appRelease.entitlements;
				CODE_SIGN_STYLE = Automatic;
				CURRENT_PROJECT_VERSION = 3;
				DEVELOPMENT_ASSET_PATHS = "\"pilgrimage_app/Preview Content\"";
				DEVELOPMENT_TEAM = 44C7C58A7D;
				ENABLE_PREVIEWS = YES;
				GENERATE_INFOPLIST_FILE = YES;
				INFOPLIST_FILE = pilgrimage_app/Info.plist;
				INFOPLIST_KEY_LSApplicationCategoryType = "public.app-category.travel";
				INFOPLIST_KEY_UIApplicationSceneManifest_Generation = YES;
				INFOPLIST_KEY_UIApplicationSupportsIndirectInputEvents = YES;
				INFOPLIST_KEY_UILaunchScreen_Generation = YES;
				INFOPLIST_KEY_UISupportedInterfaceOrientations_iPad = "UIInterfaceOrientationPortrait UIInterfaceOrientationPortraitUpsideDown UIInterfaceOrientationLandscapeLeft UIInterfaceOrientationLandscapeRight";
				INFOPLIST_KEY_UISupportedInterfaceOrientations_iPhone = "UIInterfaceOrientationPortrait UIInterfaceOrientationLandscapeLeft UIInterfaceOrientationLandscapeRight";
				IPHONEOS_DEPLOYMENT_TARGET = 17.0;
				LD_RUNPATH_SEARCH_PATHS = (
					"$(inherited)",
					"@executable_path/Frameworks",
				);
				MARKETING_VERSION = 1.0;
				PRODUCT_BUNDLE_IDENTIFIER = "OTNPS.pilgrimage-app";
				PRODUCT_NAME = "$(TARGET_NAME)";
				SUPPORTED_PLATFORMS = "iphoneos iphonesimulator";
				SUPPORTS_MACCATALYST = NO;
				SUPPORTS_MAC_DESIGNED_FOR_IPHONE_IPAD = NO;
				SUPPORTS_XR_DESIGNED_FOR_IPHONE_IPAD = NO;
				SWIFT_EMIT_LOC_STRINGS = YES;
				SWIFT_VERSION = 5.0;
				TARGETED_DEVICE_FAMILY = 1;
			};
			name = Release;
		};
		DB5215B22B6C14ED004B4B1D /* Debug */ = {
			isa = XCBuildConfiguration;
			buildSettings = {
				ALWAYS_EMBED_SWIFT_STANDARD_LIBRARIES = YES;
				BUNDLE_LOADER = "$(TEST_HOST)";
				CODE_SIGN_STYLE = Automatic;
				CURRENT_PROJECT_VERSION = 1;
				DEVELOPMENT_TEAM = 44C7C58A7D;
				GENERATE_INFOPLIST_FILE = YES;
				IPHONEOS_DEPLOYMENT_TARGET = 17.2;
				MARKETING_VERSION = 1.0;
				PRODUCT_BUNDLE_IDENTIFIER = "OTNPS.pilgrimage-appTests";
				PRODUCT_NAME = "$(TARGET_NAME)";
				SWIFT_EMIT_LOC_STRINGS = NO;
				SWIFT_VERSION = 5.0;
				TARGETED_DEVICE_FAMILY = "1,2";
				TEST_HOST = "$(BUILT_PRODUCTS_DIR)/pilgrimage_app.app/$(BUNDLE_EXECUTABLE_FOLDER_PATH)/pilgrimage_app";
			};
			name = Debug;
		};
		DB5215B32B6C14ED004B4B1D /* Release */ = {
			isa = XCBuildConfiguration;
			buildSettings = {
				ALWAYS_EMBED_SWIFT_STANDARD_LIBRARIES = YES;
				BUNDLE_LOADER = "$(TEST_HOST)";
				CODE_SIGN_STYLE = Automatic;
				CURRENT_PROJECT_VERSION = 1;
				DEVELOPMENT_TEAM = 44C7C58A7D;
				GENERATE_INFOPLIST_FILE = YES;
				IPHONEOS_DEPLOYMENT_TARGET = 17.2;
				MARKETING_VERSION = 1.0;
				PRODUCT_BUNDLE_IDENTIFIER = "OTNPS.pilgrimage-appTests";
				PRODUCT_NAME = "$(TARGET_NAME)";
				SWIFT_EMIT_LOC_STRINGS = NO;
				SWIFT_VERSION = 5.0;
				TARGETED_DEVICE_FAMILY = "1,2";
				TEST_HOST = "$(BUILT_PRODUCTS_DIR)/pilgrimage_app.app/$(BUNDLE_EXECUTABLE_FOLDER_PATH)/pilgrimage_app";
			};
			name = Release;
		};
		DB5215B52B6C14ED004B4B1D /* Debug */ = {
			isa = XCBuildConfiguration;
			buildSettings = {
				ALWAYS_EMBED_SWIFT_STANDARD_LIBRARIES = YES;
				CODE_SIGN_STYLE = Automatic;
				CURRENT_PROJECT_VERSION = 1;
				DEVELOPMENT_TEAM = 44C7C58A7D;
				GENERATE_INFOPLIST_FILE = YES;
				MARKETING_VERSION = 1.0;
				PRODUCT_BUNDLE_IDENTIFIER = "OTNPS.pilgrimage-appUITests";
				PRODUCT_NAME = "$(TARGET_NAME)";
				SWIFT_EMIT_LOC_STRINGS = NO;
				SWIFT_VERSION = 5.0;
				TARGETED_DEVICE_FAMILY = "1,2";
				TEST_TARGET_NAME = pilgrimage_app;
			};
			name = Debug;
		};
		DB5215B62B6C14ED004B4B1D /* Release */ = {
			isa = XCBuildConfiguration;
			buildSettings = {
				ALWAYS_EMBED_SWIFT_STANDARD_LIBRARIES = YES;
				CODE_SIGN_STYLE = Automatic;
				CURRENT_PROJECT_VERSION = 1;
				DEVELOPMENT_TEAM = 44C7C58A7D;
				GENERATE_INFOPLIST_FILE = YES;
				MARKETING_VERSION = 1.0;
				PRODUCT_BUNDLE_IDENTIFIER = "OTNPS.pilgrimage-appUITests";
				PRODUCT_NAME = "$(TARGET_NAME)";
				SWIFT_EMIT_LOC_STRINGS = NO;
				SWIFT_VERSION = 5.0;
				TARGETED_DEVICE_FAMILY = "1,2";
				TEST_TARGET_NAME = pilgrimage_app;
			};
			name = Release;
		};
/* End XCBuildConfiguration section */

/* Begin XCConfigurationList section */
		DB5215812B6C14EC004B4B1D /* Build configuration list for PBXProject "pilgrimage_app" */ = {
			isa = XCConfigurationList;
			buildConfigurations = (
				DB5215AC2B6C14ED004B4B1D /* Debug */,
				DB5215AD2B6C14ED004B4B1D /* Release */,
			);
			defaultConfigurationIsVisible = 0;
			defaultConfigurationName = Release;
		};
		DB5215AE2B6C14ED004B4B1D /* Build configuration list for PBXNativeTarget "pilgrimage_app" */ = {
			isa = XCConfigurationList;
			buildConfigurations = (
				DB5215AF2B6C14ED004B4B1D /* Debug */,
				DB5215B02B6C14ED004B4B1D /* Release */,
			);
			defaultConfigurationIsVisible = 0;
			defaultConfigurationName = Release;
		};
		DB5215B12B6C14ED004B4B1D /* Build configuration list for PBXNativeTarget "pilgrimage_appTests" */ = {
			isa = XCConfigurationList;
			buildConfigurations = (
				DB5215B22B6C14ED004B4B1D /* Debug */,
				DB5215B32B6C14ED004B4B1D /* Release */,
			);
			defaultConfigurationIsVisible = 0;
			defaultConfigurationName = Release;
		};
		DB5215B42B6C14ED004B4B1D /* Build configuration list for PBXNativeTarget "pilgrimage_appUITests" */ = {
			isa = XCConfigurationList;
			buildConfigurations = (
				DB5215B52B6C14ED004B4B1D /* Debug */,
				DB5215B62B6C14ED004B4B1D /* Release */,
			);
			defaultConfigurationIsVisible = 0;
			defaultConfigurationName = Release;
		};
/* End XCConfigurationList section */

/* Begin XCRemoteSwiftPackageReference section */
		DB79BD122B9600F3006CE137 /* XCRemoteSwiftPackageReference "firebase-ios-sdk" */ = {
			isa = XCRemoteSwiftPackageReference;
			repositoryURL = "https://github.com/firebase/firebase-ios-sdk";
			requirement = {
				kind = upToNextMajorVersion;
				minimumVersion = 10.21.0;
			};
		};
/* End XCRemoteSwiftPackageReference section */

/* Begin XCSwiftPackageProductDependency section */
		DB79BD132B9600F3006CE137 /* FirebaseAnalytics */ = {
			isa = XCSwiftPackageProductDependency;
			package = DB79BD122B9600F3006CE137 /* XCRemoteSwiftPackageReference "firebase-ios-sdk" */;
			productName = FirebaseAnalytics;
		};
		DB79BD152B9600F3006CE137 /* FirebaseAnalyticsOnDeviceConversion */ = {
			isa = XCSwiftPackageProductDependency;
			package = DB79BD122B9600F3006CE137 /* XCRemoteSwiftPackageReference "firebase-ios-sdk" */;
			productName = FirebaseAnalyticsOnDeviceConversion;
		};
		DB79BD172B9600F3006CE137 /* FirebaseAnalyticsSwift */ = {
			isa = XCSwiftPackageProductDependency;
			package = DB79BD122B9600F3006CE137 /* XCRemoteSwiftPackageReference "firebase-ios-sdk" */;
			productName = FirebaseAnalyticsSwift;
		};
		DB79BD192B9600F3006CE137 /* FirebaseAppCheck */ = {
			isa = XCSwiftPackageProductDependency;
			package = DB79BD122B9600F3006CE137 /* XCRemoteSwiftPackageReference "firebase-ios-sdk" */;
			productName = FirebaseAppCheck;
		};
		DB79BD1C2B960534006CE137 /* FirebaseFirestore */ = {
			isa = XCSwiftPackageProductDependency;
			package = DB79BD122B9600F3006CE137 /* XCRemoteSwiftPackageReference "firebase-ios-sdk" */;
			productName = FirebaseFirestore;
		};
		DB79BD1E2B960534006CE137 /* FirebaseFirestoreCombine-Community */ = {
			isa = XCSwiftPackageProductDependency;
			package = DB79BD122B9600F3006CE137 /* XCRemoteSwiftPackageReference "firebase-ios-sdk" */;
			productName = "FirebaseFirestoreCombine-Community";
		};
		DB79BD202B960534006CE137 /* FirebaseFirestoreSwift */ = {
			isa = XCSwiftPackageProductDependency;
			package = DB79BD122B9600F3006CE137 /* XCRemoteSwiftPackageReference "firebase-ios-sdk" */;
			productName = FirebaseFirestoreSwift;
		};
/* End XCSwiftPackageProductDependency section */
	};
	rootObject = DB52157E2B6C14EC004B4B1D /* Project object */;
}
